
Microsoft Visual Studio Solution File, Format Version 12.00
# Visual Studio Version 16
VisualStudioVersion = 16.0.31624.102
MinimumVisualStudioVersion = 10.0.40219.1
Project("{FAE04EC0-301F-11D3-BF4B-00C04F79EFBC}") = "Movie.ElasticSearch", "Movie.ElasticSearch\Movie.ElasticSearch.csproj", "{90041F87-6C1F-46EC-9235-5BF3A5EB87AF}"
EndProject
Project("{FAE04EC0-301F-11D3-BF4B-00C04F79EFBC}") = "Movie.WebAPI", "Movie.WebAPI\Movie.WebAPI.csproj", "{416C4540-72C2-49F9-82D1-153BB27718ED}"
EndProject
Project("{FAE04EC0-301F-11D3-BF4B-00C04F79EFBC}") = "Movie.CronJobScheduler", "Movie.CronJob\Movie.CronJobScheduler.csproj", "{6A3A1993-82B2-43C9-9273-EE60A105CBE2}"
EndProject
Project("{FAE04EC0-301F-11D3-BF4B-00C04F79EFBC}") = "Movie.Base", "Movie.Base\Movie.Base.csproj", "{2093629A-26D3-4754-B899-EF56CE06383D}"
EndProject
Project("{FAE04EC0-301F-11D3-BF4B-00C04F79EFBC}") = "Movie.DB", "Movie.DB\Movie.DB.csproj", "{932ADE16-FC9F-4870-BC7A-C4C950DFE0CD}"
EndProject
Global
	GlobalSection(SolutionConfigurationPlatforms) = preSolution
		Debug|Any CPU = Debug|Any CPU
		Release|Any CPU = Release|Any CPU
	EndGlobalSection
	GlobalSection(ProjectConfigurationPlatforms) = postSolution
		{90041F87-6C1F-46EC-9235-5BF3A5EB87AF}.Debug|Any CPU.ActiveCfg = Debug|Any CPU
		{90041F87-6C1F-46EC-9235-5BF3A5EB87AF}.Debug|Any CPU.Build.0 = Debug|Any CPU
		{90041F87-6C1F-46EC-9235-5BF3A5EB87AF}.Release|Any CPU.ActiveCfg = Release|Any CPU
		{90041F87-6C1F-46EC-9235-5BF3A5EB87AF}.Release|Any CPU.Build.0 = Release|Any CPU
		{416C4540-72C2-49F9-82D1-153BB27718ED}.Debug|Any CPU.ActiveCfg = Debug|Any CPU
		{416C4540-72C2-49F9-82D1-153BB27718ED}.Debug|Any CPU.Build.0 = Debug|Any CPU
		{416C4540-72C2-49F9-82D1-153BB27718ED}.Release|Any CPU.ActiveCfg = Release|Any CPU
		{416C4540-72C2-49F9-82D1-153BB27718ED}.Release|Any CPU.Build.0 = Release|Any CPU
		{6A3A1993-82B2-43C9-9273-EE60A105CBE2}.Debug|Any CPU.ActiveCfg = Debug|Any CPU
		{6A3A1993-82B2-43C9-9273-EE60A105CBE2}.Debug|Any CPU.Build.0 = Debug|Any CPU
		{6A3A1993-82B2-43C9-9273-EE60A105CBE2}.Release|Any CPU.ActiveCfg = Release|Any CPU
		{6A3A1993-82B2-43C9-9273-EE60A105CBE2}.Release|Any CPU.Build.0 = Release|Any CPU
		{2093629A-26D3-4754-B899-EF56CE06383D}.Debug|Any CPU.ActiveCfg = Debug|Any CPU
		{2093629A-26D3-4754-B899-EF56CE06383D}.Debug|Any CPU.Build.0 = Debug|Any CPU
		{2093629A-26D3-4754-B899-EF56CE06383D}.Release|Any CPU.ActiveCfg = Release|Any CPU
		{2093629A-26D3-4754-B899-EF56CE06383D}.Release|Any CPU.Build.0 = Release|Any CPU
		{932ADE16-FC9F-4870-BC7A-C4C950DFE0CD}.Debug|Any CPU.ActiveCfg = Debug|Any CPU
		{932ADE16-FC9F-4870-BC7A-C4C950DFE0CD}.Debug|Any CPU.Build.0 = Debug|Any CPU
		{932ADE16-FC9F-4870-BC7A-C4C950DFE0CD}.Release|Any CPU.ActiveCfg = Release|Any CPU
		{932ADE16-FC9F-4870-BC7A-C4C950DFE0CD}.Release|Any CPU.Build.0 = Release|Any CPU
	EndGlobalSection
	GlobalSection(SolutionProperties) = preSolution
		HideSolutionNode = FALSE
	EndGlobalSection
	GlobalSection(ExtensibilityGlobals) = postSolution
		SolutionGuid = {B984D47D-E3FC-42A9-B83B-4B16A990A0C7}
	EndGlobalSection
EndGlobal
